
Microsoft Visual Studio Solution File, Format Version 12.00
# Visual Studio Version 17
VisualStudioVersion = 17.10.35122.118
MinimumVisualStudioVersion = 10.0.40219.1
Project("{9A19103F-16F7-4668-BE54-9A1E7A4F7556}") = "MyEShop", "MyEShop\MyEShop.csproj", "{17652C47-C827-47A4-A31D-1ADAD9FA5FF3}"
EndProject
Global
	GlobalSection(SolutionConfigurationPlatforms) = preSolution
		Debug|Any CPU = Debug|Any CPU
		Release|Any CPU = Release|Any CPU
	EndGlobalSection
	GlobalSection(ProjectConfigurationPlatforms) = postSolution
		{17652C47-C827-47A4-A31D-1ADAD9FA5FF3}.Debug|Any CPU.ActiveCfg = Debug|Any CPU
		{17652C47-C827-47A4-A31D-1ADAD9FA5FF3}.Debug|Any CPU.Build.0 = Debug|Any CPU
		{17652C47-C827-47A4-A31D-1ADAD9FA5FF3}.Release|Any CPU.ActiveCfg = Release|Any CPU
		{17652C47-C827-47A4-A31D-1ADAD9FA5FF3}.Release|Any CPU.Build.0 = Release|Any CPU
	EndGlobalSection
	GlobalSection(SolutionProperties) = preSolution
		HideSolutionNode = FALSE
	EndGlobalSection
	GlobalSection(ExtensibilityGlobals) = postSolution
		SolutionGuid = {6A7CFB3A-790A-4C6D-9B9A-A4955E0710F4}
	EndGlobalSection
EndGlobal
